
Microsoft Visual Studio Solution File, Format Version 12.00
# Visual Studio Version 17
VisualStudioVersion = 17.0.31903.59
MinimumVisualStudioVersion = 10.0.40219.1
Project("{2150E333-8FDC-42A3-9474-1A3956D46DE8}") = "src", "src", "{827E0CD3-B72D-47B6-A68D-7590B98EB39B}"
EndProject
Project("{FAE04EC0-301F-11D3-BF4B-00C04F79EFBC}") = "ERP.Api", "src\ERP.Api\ERP.Api.csproj", "{198DADCE-5FFD-4712-B7C8-D8F429518F78}"
EndProject
Project("{FAE04EC0-301F-11D3-BF4B-00C04F79EFBC}") = "ERP.Application", "src\ERP.Application\ERP.Application.csproj", "{AD599411-0C52-4A8A-9DC3-E20CA5345CA3}"
EndProject
Project("{FAE04EC0-301F-11D3-BF4B-00C04F79EFBC}") = "ERP.Domain", "src\ERP.Domain\ERP.Domain.csproj", "{A49665C4-A616-4956-90AA-55D3409235AE}"
EndProject
Project("{FAE04EC0-301F-11D3-BF4B-00C04F79EFBC}") = "ERP.Infrastructure", "src\ERP.Infrastructure\ERP.Infrastructure.csproj", "{77E5A6BA-7B61-4DCC-86CC-3FDEFA718F6E}"
EndProject
Project("{2150E333-8FDC-42A3-9474-1A3956D46DE8}") = "tests", "tests", "{0AB3BF05-4346-4AA6-1389-037BE0695223}"
EndProject
Project("{FAE04EC0-301F-11D3-BF4B-00C04F79EFBC}") = "ERP.UnitTests", "tests\ERP.UnitTests\ERP.UnitTests.csproj", "{78EE93B4-DFF3-4B38-A568-1E28B7F3B149}"
EndProject
Project("{FAE04EC0-301F-11D3-BF4B-00C04F79EFBC}") = "ERP.IntegrationTests", "tests\ERP.IntegrationTests\ERP.IntegrationTests.csproj", "{1F664C94-FB02-49D0-B901-0201654EE03C}"
EndProject
Project("{FAE04EC0-301F-11D3-BF4B-00C04F79EFBC}") = "ERP.ArchitectureTests", "tests\ERP.ArchitectureTests\ERP.ArchitectureTests.csproj", "{6E222EF7-A7DB-4A49-9784-DEF79FB63742}"
EndProject
Global
	GlobalSection(SolutionConfigurationPlatforms) = preSolution
		Debug|Any CPU = Debug|Any CPU
		Debug|x64 = Debug|x64
		Debug|x86 = Debug|x86
		Release|Any CPU = Release|Any CPU
		Release|x64 = Release|x64
		Release|x86 = Release|x86
	EndGlobalSection
	GlobalSection(ProjectConfigurationPlatforms) = postSolution
		{198DADCE-5FFD-4712-B7C8-D8F429518F78}.Debug|Any CPU.ActiveCfg = Debug|Any CPU
		{198DADCE-5FFD-4712-B7C8-D8F429518F78}.Debug|Any CPU.Build.0 = Debug|Any CPU
		{198DADCE-5FFD-4712-B7C8-D8F429518F78}.Debug|x64.ActiveCfg = Debug|Any CPU
		{198DADCE-5FFD-4712-B7C8-D8F429518F78}.Debug|x64.Build.0 = Debug|Any CPU
		{198DADCE-5FFD-4712-B7C8-D8F429518F78}.Debug|x86.ActiveCfg = Debug|Any CPU
		{198DADCE-5FFD-4712-B7C8-D8F429518F78}.Debug|x86.Build.0 = Debug|Any CPU
		{198DADCE-5FFD-4712-B7C8-D8F429518F78}.Release|Any CPU.ActiveCfg = Release|Any CPU
		{198DADCE-5FFD-4712-B7C8-D8F429518F78}.Release|Any CPU.Build.0 = Release|Any CPU
		{198DADCE-5FFD-4712-B7C8-D8F429518F78}.Release|x64.ActiveCfg = Release|Any CPU
		{198DADCE-5FFD-4712-B7C8-D8F429518F78}.Release|x64.Build.0 = Release|Any CPU
		{198DADCE-5FFD-4712-B7C8-D8F429518F78}.Release|x86.ActiveCfg = Release|Any CPU
		{198DADCE-5FFD-4712-B7C8-D8F429518F78}.Release|x86.Build.0 = Release|Any CPU
		{AD599411-0C52-4A8A-9DC3-E20CA5345CA3}.Debug|Any CPU.ActiveCfg = Debug|Any CPU
		{AD599411-0C52-4A8A-9DC3-E20CA5345CA3}.Debug|Any CPU.Build.0 = Debug|Any CPU
		{AD599411-0C52-4A8A-9DC3-E20CA5345CA3}.Debug|x64.ActiveCfg = Debug|Any CPU
		{AD599411-0C52-4A8A-9DC3-E20CA5345CA3}.Debug|x64.Build.0 = Debug|Any CPU
		{AD599411-0C52-4A8A-9DC3-E20CA5345CA3}.Debug|x86.ActiveCfg = Debug|Any CPU
		{AD599411-0C52-4A8A-9DC3-E20CA5345CA3}.Debug|x86.Build.0 = Debug|Any CPU
		{AD599411-0C52-4A8A-9DC3-E20CA5345CA3}.Release|Any CPU.ActiveCfg = Release|Any CPU
		{AD599411-0C52-4A8A-9DC3-E20CA5345CA3}.Release|Any CPU.Build.0 = Release|Any CPU
		{AD599411-0C52-4A8A-9DC3-E20CA5345CA3}.Release|x64.ActiveCfg = Release|Any CPU
		{AD599411-0C52-4A8A-9DC3-E20CA5345CA3}.Release|x64.Build.0 = Release|Any CPU
		{AD599411-0C52-4A8A-9DC3-E20CA5345CA3}.Release|x86.ActiveCfg = Release|Any CPU
		{AD599411-0C52-4A8A-9DC3-E20CA5345CA3}.Release|x86.Build.0 = Release|Any CPU
		{A49665C4-A616-4956-90AA-55D3409235AE}.Debug|Any CPU.ActiveCfg = Debug|Any CPU
		{A49665C4-A616-4956-90AA-55D3409235AE}.Debug|Any CPU.Build.0 = Debug|Any CPU
		{A49665C4-A616-4956-90AA-55D3409235AE}.Debug|x64.ActiveCfg = Debug|Any CPU
		{A49665C4-A616-4956-90AA-55D3409235AE}.Debug|x64.Build.0 = Debug|Any CPU
		{A49665C4-A616-4956-90AA-55D3409235AE}.Debug|x86.ActiveCfg = Debug|Any CPU
		{A49665C4-A616-4956-90AA-55D3409235AE}.Debug|x86.Build.0 = Debug|Any CPU
		{A49665C4-A616-4956-90AA-55D3409235AE}.Release|Any CPU.ActiveCfg = Release|Any CPU
		{A49665C4-A616-4956-90AA-55D3409235AE}.Release|Any CPU.Build.0 = Release|Any CPU
		{A49665C4-A616-4956-90AA-55D3409235AE}.Release|x64.ActiveCfg = Release|Any CPU
		{A49665C4-A616-4956-90AA-55D3409235AE}.Release|x64.Build.0 = Release|Any CPU
		{A49665C4-A616-4956-90AA-55D3409235AE}.Release|x86.ActiveCfg = Release|Any CPU
		{A49665C4-A616-4956-90AA-55D3409235AE}.Release|x86.Build.0 = Release|Any CPU
		{77E5A6BA-7B61-4DCC-86CC-3FDEFA718F6E}.Debug|Any CPU.ActiveCfg = Debug|Any CPU
		{77E5A6BA-7B61-4DCC-86CC-3FDEFA718F6E}.Debug|Any CPU.Build.0 = Debug|Any CPU
		{77E5A6BA-7B61-4DCC-86CC-3FDEFA718F6E}.Debug|x64.ActiveCfg = Debug|Any CPU
		{77E5A6BA-7B61-4DCC-86CC-3FDEFA718F6E}.Debug|x64.Build.0 = Debug|Any CPU
		{77E5A6BA-7B61-4DCC-86CC-3FDEFA718F6E}.Debug|x86.ActiveCfg = Debug|Any CPU
		{77E5A6BA-7B61-4DCC-86CC-3FDEFA718F6E}.Debug|x86.Build.0 = Debug|Any CPU
		{77E5A6BA-7B61-4DCC-86CC-3FDEFA718F6E}.Release|Any CPU.ActiveCfg = Release|Any CPU
		{77E5A6BA-7B61-4DCC-86CC-3FDEFA718F6E}.Release|Any CPU.Build.0 = Release|Any CPU
		{77E5A6BA-7B61-4DCC-86CC-3FDEFA718F6E}.Release|x64.ActiveCfg = Release|Any CPU
		{77E5A6BA-7B61-4DCC-86CC-3FDEFA718F6E}.Release|x64.Build.0 = Release|Any CPU
		{77E5A6BA-7B61-4DCC-86CC-3FDEFA718F6E}.Release|x86.ActiveCfg = Release|Any CPU
		{77E5A6BA-7B61-4DCC-86CC-3FDEFA718F6E}.Release|x86.Build.0 = Release|Any CPU
		{78EE93B4-DFF3-4B38-A568-1E28B7F3B149}.Debug|Any CPU.ActiveCfg = Debug|Any CPU
		{78EE93B4-DFF3-4B38-A568-1E28B7F3B149}.Debug|Any CPU.Build.0 = Debug|Any CPU
		{78EE93B4-DFF3-4B38-A568-1E28B7F3B149}.Debug|x64.ActiveCfg = Debug|Any CPU
		{78EE93B4-DFF3-4B38-A568-1E28B7F3B149}.Debug|x64.Build.0 = Debug|Any CPU
		{78EE93B4-DFF3-4B38-A568-1E28B7F3B149}.Debug|x86.ActiveCfg = Debug|Any CPU
		{78EE93B4-DFF3-4B38-A568-1E28B7F3B149}.Debug|x86.Build.0 = Debug|Any CPU
		{78EE93B4-DFF3-4B38-A568-1E28B7F3B149}.Release|Any CPU.ActiveCfg = Release|Any CPU
		{78EE93B4-DFF3-4B38-A568-1E28B7F3B149}.Release|Any CPU.Build.0 = Release|Any CPU
		{78EE93B4-DFF3-4B38-A568-1E28B7F3B149}.Release|x64.ActiveCfg = Release|Any CPU
		{78EE93B4-DFF3-4B38-A568-1E28B7F3B149}.Release|x64.Build.0 = Release|Any CPU
		{78EE93B4-DFF3-4B38-A568-1E28B7F3B149}.Release|x86.ActiveCfg = Release|Any CPU
		{78EE93B4-DFF3-4B38-A568-1E28B7F3B149}.Release|x86.Build.0 = Release|Any CPU
		{1F664C94-FB02-49D0-B901-0201654EE03C}.Debug|Any CPU.ActiveCfg = Debug|Any CPU
		{1F664C94-FB02-49D0-B901-0201654EE03C}.Debug|Any CPU.Build.0 = Debug|Any CPU
		{1F664C94-FB02-49D0-B901-0201654EE03C}.Debug|x64.ActiveCfg = Debug|Any CPU
		{1F664C94-FB02-49D0-B901-0201654EE03C}.Debug|x64.Build.0 = Debug|Any CPU
		{1F664C94-FB02-49D0-B901-0201654EE03C}.Debug|x86.ActiveCfg = Debug|Any CPU
		{1F664C94-FB02-49D0-B901-0201654EE03C}.Debug|x86.Build.0 = Debug|Any CPU
		{1F664C94-FB02-49D0-B901-0201654EE03C}.Release|Any CPU.ActiveCfg = Release|Any CPU
		{1F664C94-FB02-49D0-B901-0201654EE03C}.Release|Any CPU.Build.0 = Release|Any CPU
		{1F664C94-FB02-49D0-B901-0201654EE03C}.Release|x64.ActiveCfg = Release|Any CPU
		{1F664C94-FB02-49D0-B901-0201654EE03C}.Release|x64.Build.0 = Release|Any CPU
		{1F664C94-FB02-49D0-B901-0201654EE03C}.Release|x86.ActiveCfg = Release|Any CPU
		{1F664C94-FB02-49D0-B901-0201654EE03C}.Release|x86.Build.0 = Release|Any CPU
		{6E222EF7-A7DB-4A49-9784-DEF79FB63742}.Debug|Any CPU.ActiveCfg = Debug|Any CPU
		{6E222EF7-A7DB-4A49-9784-DEF79FB63742}.Debug|Any CPU.Build.0 = Debug|Any CPU
		{6E222EF7-A7DB-4A49-9784-DEF79FB63742}.Debug|x64.ActiveCfg = Debug|Any CPU
		{6E222EF7-A7DB-4A49-9784-DEF79FB63742}.Debug|x64.Build.0 = Debug|Any CPU
		{6E222EF7-A7DB-4A49-9784-DEF79FB63742}.Debug|x86.ActiveCfg = Debug|Any CPU
		{6E222EF7-A7DB-4A49-9784-DEF79FB63742}.Debug|x86.Build.0 = Debug|Any CPU
		{6E222EF7-A7DB-4A49-9784-DEF79FB63742}.Release|Any CPU.ActiveCfg = Release|Any CPU
		{6E222EF7-A7DB-4A49-9784-DEF79FB63742}.Release|Any CPU.Build.0 = Release|Any CPU
		{6E222EF7-A7DB-4A49-9784-DEF79FB63742}.Release|x64.ActiveCfg = Release|Any CPU
		{6E222EF7-A7DB-4A49-9784-DEF79FB63742}.Release|x64.Build.0 = Release|Any CPU
		{6E222EF7-A7DB-4A49-9784-DEF79FB63742}.Release|x86.ActiveCfg = Release|Any CPU
		{6E222EF7-A7DB-4A49-9784-DEF79FB63742}.Release|x86.Build.0 = Release|Any CPU
	EndGlobalSection
	GlobalSection(SolutionProperties) = preSolution
		HideSolutionNode = FALSE
	EndGlobalSection
	GlobalSection(NestedProjects) = preSolution
		{198DADCE-5FFD-4712-B7C8-D8F429518F78} = {827E0CD3-B72D-47B6-A68D-7590B98EB39B}
		{AD599411-0C52-4A8A-9DC3-E20CA5345CA3} = {827E0CD3-B72D-47B6-A68D-7590B98EB39B}
		{A49665C4-A616-4956-90AA-55D3409235AE} = {827E0CD3-B72D-47B6-A68D-7590B98EB39B}
		{77E5A6BA-7B61-4DCC-86CC-3FDEFA718F6E} = {827E0CD3-B72D-47B6-A68D-7590B98EB39B}
		{78EE93B4-DFF3-4B38-A568-1E28B7F3B149} = {0AB3BF05-4346-4AA6-1389-037BE0695223}
		{1F664C94-FB02-49D0-B901-0201654EE03C} = {0AB3BF05-4346-4AA6-1389-037BE0695223}
		{6E222EF7-A7DB-4A49-9784-DEF79FB63742} = {0AB3BF05-4346-4AA6-1389-037BE0695223}
	EndGlobalSection
EndGlobal
